{
  "version": 4,
  "terraform_version": "0.12.16",
  "serial": 53,
  "lineage": "ff1db098-7b1d-5784-2407-5d79ba6867dc",
  "outputs": {},
  "resources": [
    {
      "mode": "managed",
      "type": "google_compute_address",
      "name": "static",
      "provider": "provider.google",
      "instances": [
        {
          "schema_version": 0,
          "attributes": {
            "address": "35.230.87.185",
            "address_type": "EXTERNAL",
            "creation_timestamp": "2019-11-26T08:38:50.198-08:00",
            "description": "",
            "id": "projects/kubernetestestdeploy/regions/us-west1/addresses/ipv4-address",
            "name": "ipv4-address",
            "network_tier": "PREMIUM",
            "project": "kubernetestestdeploy",
            "purpose": "",
            "region": "us-west1",
            "self_link": "https://www.googleapis.com/compute/v1/projects/kubernetestestdeploy/regions/us-west1/addresses/ipv4-address",
            "subnetwork": "",
            "timeouts": null,
            "users": []
          },
          "private": "eyJlMmJmYjczMC1lY2FhLTExZTYtOGY4OC0zNDM2M2JjN2M0YzAiOnsiY3JlYXRlIjoyNDAwMDAwMDAwMDAsImRlbGV0ZSI6MjQwMDAwMDAwMDAwfX0="
        }
      ]
    },
    {
      "mode": "managed",
      "type": "google_compute_instance",
      "name": "vm_instance",
      "provider": "provider.google",
      "instances": [
        {
          "schema_version": 6,
          "attributes": {
            "allow_stopping_for_update": null,
            "attached_disk": [],
            "boot_disk": [
              {
                "auto_delete": true,
                "device_name": "persistent-disk-0",
                "disk_encryption_key_raw": "",
                "disk_encryption_key_sha256": "",
                "initialize_params": [
                  {
                    "image": "https://www.googleapis.com/compute/v1/projects/debian-cloud/global/images/debian-9-stretch-v20191121",
                    "labels": {},
                    "size": 10,
                    "type": "pd-standard"
                  }
                ],
                "kms_key_self_link": "",
                "mode": "READ_WRITE",
                "source": "https://www.googleapis.com/compute/v1/projects/kubernetestestdeploy/zones/us-west1-a/disks/terraform-test-d3a8fe422ed8f99d"
              }
            ],
            "can_ip_forward": false,
            "cpu_platform": "Intel Broadwell",
            "deletion_protection": false,
            "description": "",
            "enable_display": false,
            "guest_accelerator": [],
            "hostname": "",
            "id": "projects/kubernetestestdeploy/zones/us-west1-a/instances/terraform-test-d3a8fe422ed8f99d",
            "instance_id": "4457395509571677168",
            "label_fingerprint": "42WmSpB8rSM=",
            "labels": null,
            "machine_type": "f1-micro",
            "metadata": {
              "ssh-keys": "nguyencuong:ssh-rsa AAAAB3NzaC1yc2EAAAADAQABAAABAQDea6gzvSQmhmeOj7Vnkvw2/Gtp426tTV2nZcBhAdOY7+zWQp/yIHGnI2cNch7wM4ZxWJE124FvTvAXk1lsXPpQIa2JXCHza2XOUQ8sRSmmhNkle4jRPnhb0WlgC/BH4LHSfXJaQOzlH1q75S9/2CvvCJGWiPH6RBKQlypOYU/CTDfyr/nCxEbB2SCPQas7iJ+jQIO+LwyaCTD3Iy/SJ7ESM2l/wN9fTRxBWaKqNAwltDzONtXAX381sxeUX0BzzgXWxHh/IPW7gcii6WHrU26Dp5cJu/OWD3cENplzqOsaew5U/IGgnXRXWIBZt7p2BamUxI4emJL9eQMHsq5tKRmP nguyencuong\n"
            },
            "metadata_fingerprint": "aaUgczZEViI=",
            "metadata_startup_script": "",
            "min_cpu_platform": "",
            "name": "terraform-test-d3a8fe422ed8f99d",
            "network_interface": [
              {
                "access_config": [
                  {
                    "nat_ip": "35.230.87.185",
                    "network_tier": "PREMIUM",
                    "public_ptr_domain_name": ""
                  }
                ],
                "alias_ip_range": [],
                "name": "nic0",
                "network": "https://www.googleapis.com/compute/v1/projects/kubernetestestdeploy/global/networks/default",
                "network_ip": "10.138.0.17",
                "subnetwork": "https://www.googleapis.com/compute/v1/projects/kubernetestestdeploy/regions/us-west1/subnetworks/default",
                "subnetwork_project": "kubernetestestdeploy"
              }
            ],
            "project": "kubernetestestdeploy",
            "scheduling": [
              {
                "automatic_restart": true,
                "node_affinities": [],
                "on_host_maintenance": "MIGRATE",
                "preemptible": false
              }
            ],
            "scratch_disk": [],
            "self_link": "https://www.googleapis.com/compute/v1/projects/kubernetestestdeploy/zones/us-west1-a/instances/terraform-test-d3a8fe422ed8f99d",
            "service_account": [],
            "shielded_instance_config": [],
            "tags": [
              "http-server",
              "https-server"
            ],
            "tags_fingerprint": "6smc4R4d39I=",
            "timeouts": null,
            "zone": "us-west1-a"
          },
          "private": "eyJlMmJmYjczMC1lY2FhLTExZTYtOGY4OC0zNDM2M2JjN2M0YzAiOnsiY3JlYXRlIjoxMjAwMDAwMDAwMDAwLCJkZWxldGUiOjEyMDAwMDAwMDAwMDAsInVwZGF0ZSI6MTIwMDAwMDAwMDAwMH0sInNjaGVtYV92ZXJzaW9uIjoiNiJ9",
          "dependencies": [
            "google_compute_address.static",
            "random_id.instance_id"
          ]
        }
      ]
    },
    {
      "mode": "managed",
      "type": "random_id",
      "name": "instance_id",
      "provider": "provider.random",
      "instances": [
        {
          "schema_version": 0,
          "attributes": {
            "b64": "06j-Qi7Y-Z0",
            "b64_std": "06j+Qi7Y+Z0=",
            "b64_url": "06j-Qi7Y-Z0",
            "byte_length": 8,
            "dec": "15251719698297452957",
            "hex": "d3a8fe422ed8f99d",
            "id": "06j-Qi7Y-Z0",
            "keepers": null,
            "prefix": null
          },
          "private": "bnVsbA=="
        }
      ]
    }
  ]
}
