{
  "version": 4,
  "terraform_version": "0.12.16",
  "serial": 32,
  "lineage": "62f482ba-16c0-2098-164d-156da6964e25",
  "outputs": {},
  "resources": [
    {
      "mode": "managed",
      "type": "google_compute_address",
      "name": "static",
      "provider": "provider.google",
      "instances": [
        {
          "schema_version": 0,
          "attributes": {
            "address": "34.105.112.162",
            "address_type": "EXTERNAL",
            "creation_timestamp": "2020-05-16T10:54:26.562-07:00",
            "description": "",
            "id": "projects/kubernetestestdeploy/regions/us-west1/addresses/ipv4-address-vm-instance-terraform-test",
            "name": "ipv4-address-vm-instance-terraform-test",
            "network_tier": "PREMIUM",
            "project": "kubernetestestdeploy",
            "purpose": "",
            "region": "us-west1",
            "self_link": "https://www.googleapis.com/compute/v1/projects/kubernetestestdeploy/regions/us-west1/addresses/ipv4-address-vm-instance-terraform-test",
            "subnetwork": "",
            "timeouts": null,
            "users": [
              "https://www.googleapis.com/compute/v1/projects/kubernetestestdeploy/zones/us-west1-a/instances/terraform--test-81f391c5ce105516"
            ]
          },
          "private": "eyJlMmJmYjczMC1lY2FhLTExZTYtOGY4OC0zNDM2M2JjN2M0YzAiOnsiY3JlYXRlIjoyNDAwMDAwMDAwMDAsImRlbGV0ZSI6MjQwMDAwMDAwMDAwfX0="
        }
      ]
    },
    {
      "mode": "managed",
      "type": "google_compute_instance",
      "name": "vm_instance",
      "provider": "provider.google",
      "instances": [
        {
          "schema_version": 6,
          "attributes": {
            "allow_stopping_for_update": true,
            "attached_disk": [],
            "boot_disk": [
              {
                "auto_delete": true,
                "device_name": "persistent-disk-0",
                "disk_encryption_key_raw": "",
                "disk_encryption_key_sha256": "",
                "initialize_params": [
                  {
                    "image": "https://www.googleapis.com/compute/v1/projects/debian-cloud/global/images/debian-9-stretch-v20200420",
                    "labels": {},
                    "size": 10,
                    "type": "pd-standard"
                  }
                ],
                "kms_key_self_link": "",
                "mode": "READ_WRITE",
                "source": "https://www.googleapis.com/compute/v1/projects/kubernetestestdeploy/zones/us-west1-a/disks/terraform--test-81f391c5ce105516"
              }
            ],
            "can_ip_forward": false,
            "cpu_platform": "Intel Broadwell",
            "current_status": "RUNNING",
            "deletion_protection": false,
            "description": "",
            "desired_status": null,
            "enable_display": false,
            "guest_accelerator": [],
            "hostname": "",
            "id": "projects/kubernetestestdeploy/zones/us-west1-a/instances/terraform--test-81f391c5ce105516",
            "instance_id": "5330977456502183438",
            "label_fingerprint": "42WmSpB8rSM=",
            "labels": {},
            "machine_type": "g1-small",
            "metadata": {
              "ssh-keys": "nguyencuong382:ssh-rsa AAAAB3NzaC1yc2EAAAADAQABAAACAQDM4Fkp1jj9nHejafyvaavQbv++sFJm/CIccj1/a5XBFzjliewnWs50J9S/zzeCTjq8hTKV5P45NniBHkdtv97OE0DrYHnHJbZj3LqBtsEdDMWTRlJrc/7Cx74WDCcGkvjP3vFxcEA4DdOCGnOWeaCAUFQ9HxD8h6iPNbm8D/BzaU8KNPsv+mbc8JqNsE+vxJAyN8foKcptK2rsv5BrbRtQvpWAPFasxYd4Syf5KEDrT8Sby+8mfV3eYtEW9g+ub62lEfrnu0Nd87+d+VpxP6i3SijIu6O/0CgBdna/udL2aMG+lRDZQa8TskS8UXq4hn96ROZaC4dq2TdlK+sl00zUIeyFU6lyaf7IqkHZGrE56uVGohiWoPPXBnAcT4lrJNRVXl092mBNFiOEUBDVbPvTRgb0lylWma1uKOmsBU6Oq8OifPMWi5r4T+s1Zn96qVvJiFzxCIgnpisPaCg52D1Alfx0SKYuGf2PxXovrNfQzL93gQNh4iSAF093+QCH+Fiqqa1/iuVNYgo49ZRB4BNkAxVzjOBao5vaXeKQrTlu/Z+63Qorurjybl1Orlaj0Hxqq7u+hY1lQpYBlRd/WGmP1blcZcK+MKzUWraRSk6a76BoM+cePB7JMnjUcKGUAV852AJsprSuhyoVoVIQa68ZISdJJ9raE0Ug43z3n3SCGQ== nguyencuong382"
            },
            "metadata_fingerprint": "nGkDcECZckk=",
            "metadata_startup_script": "",
            "min_cpu_platform": "",
            "name": "terraform--test-81f391c5ce105516",
            "network_interface": [
              {
                "access_config": [
                  {
                    "nat_ip": "34.105.112.162",
                    "network_tier": "PREMIUM",
                    "public_ptr_domain_name": ""
                  }
                ],
                "alias_ip_range": [],
                "name": "nic0",
                "network": "https://www.googleapis.com/compute/v1/projects/kubernetestestdeploy/global/networks/default",
                "network_ip": "10.138.0.29",
                "subnetwork": "https://www.googleapis.com/compute/v1/projects/kubernetestestdeploy/regions/us-west1/subnetworks/default",
                "subnetwork_project": "kubernetestestdeploy"
              }
            ],
            "project": "kubernetestestdeploy",
            "resource_policies": [],
            "scheduling": [
              {
                "automatic_restart": true,
                "node_affinities": [],
                "on_host_maintenance": "MIGRATE",
                "preemptible": false
              }
            ],
            "scratch_disk": [],
            "self_link": "https://www.googleapis.com/compute/v1/projects/kubernetestestdeploy/zones/us-west1-a/instances/terraform--test-81f391c5ce105516",
            "service_account": [],
            "shielded_instance_config": [],
            "tags": [
              "http-server",
              "https-server",
              "postgres"
            ],
            "tags_fingerprint": "h5h3n-qXgpY=",
            "timeouts": null,
            "zone": "us-west1-a"
          },
          "private": "eyJlMmJmYjczMC1lY2FhLTExZTYtOGY4OC0zNDM2M2JjN2M0YzAiOnsiY3JlYXRlIjoxMjAwMDAwMDAwMDAwLCJkZWxldGUiOjEyMDAwMDAwMDAwMDAsInVwZGF0ZSI6MTIwMDAwMDAwMDAwMH0sInNjaGVtYV92ZXJzaW9uIjoiNiJ9",
          "dependencies": [
            "google_compute_address.static",
            "random_id.instance_id"
          ]
        }
      ]
    },
    {
      "mode": "managed",
      "type": "random_id",
      "name": "instance_id",
      "provider": "provider.random",
      "instances": [
        {
          "schema_version": 0,
          "attributes": {
            "b64": "gfORxc4QVRY",
            "b64_std": "gfORxc4QVRY=",
            "b64_url": "gfORxc4QVRY",
            "byte_length": 8,
            "dec": "9363988328985154838",
            "hex": "81f391c5ce105516",
            "id": "gfORxc4QVRY",
            "keepers": null,
            "prefix": null
          },
          "private": "bnVsbA=="
        }
      ]
    }
  ]
}
