{
  "version": 4,
  "terraform_version": "0.12.16",
  "serial": 5,
  "lineage": "c1eded2e-42f5-1e0f-aaa1-93a18ec8aac4",
  "outputs": {},
  "resources": [
    {
      "module": "module.ci",
      "mode": "managed",
      "type": "google_compute_instance",
      "name": "ci_runner",
      "provider": "provider.google",
      "instances": [
        {
          "schema_version": 6,
          "attributes": {
            "allow_stopping_for_update": true,
            "attached_disk": [],
            "boot_disk": [
              {
                "auto_delete": true,
                "device_name": "persistent-disk-0",
                "disk_encryption_key_raw": "",
                "disk_encryption_key_sha256": "",
                "initialize_params": [
                  {
                    "image": "https://www.googleapis.com/compute/v1/projects/centos-cloud/global/images/centos-7-v20191121",
                    "labels": {},
                    "size": 10,
                    "type": "pd-standard"
                  }
                ],
                "kms_key_self_link": "",
                "mode": "READ_WRITE",
                "source": "https://www.googleapis.com/compute/v1/projects/kubernetestestdeploy/zones/us-west1-a/disks/gitlab-ci-runner"
              }
            ],
            "can_ip_forward": false,
            "cpu_platform": "Intel Broadwell",
            "deletion_protection": false,
            "description": "",
            "disk": [],
            "enable_display": false,
            "guest_accelerator": [],
            "hostname": "",
            "id": "gitlab-ci-runner",
            "instance_id": "5439935962191378053",
            "label_fingerprint": "42WmSpB8rSM=",
            "labels": {},
            "machine_type": "f1-micro",
            "metadata": {},
            "metadata_fingerprint": "8dhKa2TbBMY=",
            "metadata_startup_script": "echo \"Installing GitLab CI Runner\"\ncurl -L https://packages.gitlab.com/install/repositories/runner/gitlab-runner/script.rpm.sh | sudo bash\nsudo yum install -y gitlab-runner\n\necho \"Installing a version of docker machine with support for specifying GCP service accounts.\"\ngsutil cp gs://gcp-docker-machine/docker-machine /tmp/docker-machine\nsudo install /tmp/docker-machine /usr/local/bin/docker-machine\n\necho \"Verifying docker-machine and generating SSH keys ahead of time.\"\ndocker-machine create --driver google \\\n    --google-project kubernetestestdeploy \\\n    --google-machine-type f1-micro \\\n    --google-zone us-west1-a \\\n    --google-service-account gitlab-ci-worker@kubernetestestdeploy.iam.gserviceaccount.com \\\n    --google-scopes https://www.googleapis.com/auth/cloud-platform \\\n    test-docker-machine\n\ndocker-machine rm -y test-docker-machine\n\necho \"Setting GitLab concurrency\"\nsed -i \"s/concurrent = .*/concurrent = 1/\" /etc/gitlab-runner/config.toml\n\necho \"Registering GitLab CI runner with GitLab instance.\"\nsudo gitlab-runner register -n \\\n    --name \"gcp-kubernetestestdeploy\" \\\n    --url https://gitlab.com/ \\\n    --registration-token u9g2G9uij-gNuUvAKMeQ \\\n    --executor \"docker+machine\" \\\n    --docker-image \"alpine:latest\" \\\n    --machine-idle-time 300 \\\n    --machine-machine-driver google \\\n    --machine-machine-name \"gitlab-ci-worker-%s\" \\\n    --machine-machine-options \"google-project=kubernetestestdeploy\" \\\n    --machine-machine-options \"google-machine-type=n1-standard-1\" \\\n    --machine-machine-options \"google-zone=us-west1-a\" \\\n    --machine-machine-options \"google-service-account=gitlab-ci-worker@kubernetestestdeploy.iam.gserviceaccount.com\" \\\n    --machine-machine-options \"google-scopes=https://www.googleapis.com/auth/cloud-platform\"\n\necho \"GitLab CI Runner installation complete\"\n",
            "min_cpu_platform": "",
            "name": "gitlab-ci-runner",
            "network_interface": [
              {
                "access_config": [
                  {
                    "assigned_nat_ip": "",
                    "nat_ip": "35.233.130.35",
                    "network_tier": "PREMIUM",
                    "public_ptr_domain_name": ""
                  }
                ],
                "address": "",
                "alias_ip_range": [],
                "name": "nic0",
                "network": "https://www.googleapis.com/compute/v1/projects/kubernetestestdeploy/global/networks/default",
                "network_ip": "10.138.0.20",
                "subnetwork": "https://www.googleapis.com/compute/v1/projects/kubernetestestdeploy/regions/us-west1/subnetworks/default",
                "subnetwork_project": "kubernetestestdeploy"
              }
            ],
            "project": "kubernetestestdeploy",
            "scheduling": [
              {
                "automatic_restart": true,
                "node_affinities": [],
                "on_host_maintenance": "MIGRATE",
                "preemptible": false
              }
            ],
            "scratch_disk": [],
            "self_link": "https://www.googleapis.com/compute/v1/projects/kubernetestestdeploy/zones/us-west1-a/instances/gitlab-ci-runner",
            "service_account": [
              {
                "email": "gitlab-ci-runner@kubernetestestdeploy.iam.gserviceaccount.com",
                "scopes": [
                  "https://www.googleapis.com/auth/cloud-platform"
                ]
              }
            ],
            "shielded_instance_config": [],
            "tags": [],
            "tags_fingerprint": "42WmSpB8rSM=",
            "timeouts": null,
            "zone": "us-west1-a"
          },
          "private": "eyJlMmJmYjczMC1lY2FhLTExZTYtOGY4OC0zNDM2M2JjN2M0YzAiOnsiY3JlYXRlIjoxMjAwMDAwMDAwMDAwLCJkZWxldGUiOjEyMDAwMDAwMDAwMDAsInVwZGF0ZSI6MTIwMDAwMDAwMDAwMH0sInNjaGVtYV92ZXJzaW9uIjoiNiJ9",
          "dependencies": [
            "module.ci.google_service_account.ci_runner",
            "module.ci.google_service_account.ci_worker"
          ]
        }
      ]
    },
    {
      "module": "module.ci",
      "mode": "managed",
      "type": "google_service_account",
      "name": "ci_runner",
      "provider": "provider.google",
      "instances": [
        {
          "schema_version": 0,
          "attributes": {
            "account_id": "gitlab-ci-runner",
            "description": "",
            "display_name": "GitLab CI Runner",
            "email": "gitlab-ci-runner@kubernetestestdeploy.iam.gserviceaccount.com",
            "id": "projects/kubernetestestdeploy/serviceAccounts/gitlab-ci-runner@kubernetestestdeploy.iam.gserviceaccount.com",
            "name": "projects/kubernetestestdeploy/serviceAccounts/gitlab-ci-runner@kubernetestestdeploy.iam.gserviceaccount.com",
            "policy_data": null,
            "project": "kubernetestestdeploy",
            "unique_id": "112539930003830675133"
          },
          "private": "bnVsbA=="
        }
      ]
    },
    {
      "module": "module.ci",
      "mode": "managed",
      "type": "google_service_account",
      "name": "ci_worker",
      "provider": "provider.google",
      "instances": [
        {
          "schema_version": 0,
          "attributes": {
            "account_id": "gitlab-ci-worker",
            "description": "",
            "display_name": "GitLab CI Worker",
            "email": "gitlab-ci-worker@kubernetestestdeploy.iam.gserviceaccount.com",
            "id": "projects/kubernetestestdeploy/serviceAccounts/gitlab-ci-worker@kubernetestestdeploy.iam.gserviceaccount.com",
            "name": "projects/kubernetestestdeploy/serviceAccounts/gitlab-ci-worker@kubernetestestdeploy.iam.gserviceaccount.com",
            "policy_data": null,
            "project": "kubernetestestdeploy",
            "unique_id": "110526494421331387353"
          },
          "private": "bnVsbA=="
        }
      ]
    },
    {
      "module": "module.ci",
      "mode": "managed",
      "type": "google_service_account_iam_member",
      "name": "ci_worker_ci_runner",
      "provider": "provider.google",
      "instances": [
        {
          "schema_version": 0,
          "attributes": {
            "etag": "BwWY3jXa6AM=",
            "id": "projects/kubernetestestdeploy/serviceAccounts/gitlab-ci-worker@kubernetestestdeploy.iam.gserviceaccount.com/roles/iam.serviceAccountUser/serviceaccount:gitlab-ci-runner@kubernetestestdeploy.iam.gserviceaccount.com",
            "member": "serviceAccount:gitlab-ci-runner@kubernetestestdeploy.iam.gserviceaccount.com",
            "role": "roles/iam.serviceAccountUser",
            "service_account_id": "projects/kubernetestestdeploy/serviceAccounts/gitlab-ci-worker@kubernetestestdeploy.iam.gserviceaccount.com"
          },
          "private": "bnVsbA==",
          "dependencies": [
            "module.ci.google_service_account.ci_runner",
            "module.ci.google_service_account.ci_worker"
          ]
        }
      ]
    }
  ]
}
