{
  "version": 4,
  "terraform_version": "0.13.0",
  "serial": 137,
  "lineage": "da3652ce-a403-d283-9b2b-43f723dc7101",
  "outputs": {
    "network_interface_ids": {
      "value": [
        "/subscriptions/c0ec0223-4ac9-408f-9d77-82fecee441c1/resourceGroups/vhcm-train-rg/providers/Microsoft.Network/networkInterfaces/vhcm-train-bstn-nic"
      ],
      "type": [
        "tuple",
        [
          "string"
        ]
      ]
    },
    "network_security_group_ids": {
      "value": [
        "/subscriptions/c0ec0223-4ac9-408f-9d77-82fecee441c1/resourceGroups/vhcm-train-rg/providers/Microsoft.Network/networkSecurityGroups/vhcm-train-pblc-nsg",
        "/subscriptions/c0ec0223-4ac9-408f-9d77-82fecee441c1/resourceGroups/vhcm-train-rg/providers/Microsoft.Network/networkSecurityGroups/vhcm-train-prvt-nsg"
      ],
      "type": [
        "tuple",
        [
          "string",
          "string"
        ]
      ]
    },
    "network_subnet_ids": {
      "value": [
        "/subscriptions/c0ec0223-4ac9-408f-9d77-82fecee441c1/resourceGroups/vhcm-train-rg/providers/Microsoft.Network/virtualNetworks/vhcm-train-vnet/subnets/vhcm-train-pblc-sn001",
        "/subscriptions/c0ec0223-4ac9-408f-9d77-82fecee441c1/resourceGroups/vhcm-train-rg/providers/Microsoft.Network/virtualNetworks/vhcm-train-vnet/subnets/vhcm-train-prvt-sn001"
      ],
      "type": [
        "tuple",
        [
          "string",
          "string"
        ]
      ]
    },
    "network_subnet_prefixes": {
      "value": [
        "10.0.1.0/24",
        "10.0.2.0/24"
      ],
      "type": [
        "tuple",
        [
          "string",
          "string"
        ]
      ]
    },
    "private_ip_addresses": {
      "value": [
        "10.0.1.4"
      ],
      "type": [
        "tuple",
        [
          "string"
        ]
      ]
    },
    "public_ip_addresses": {
      "value": [
        ""
      ],
      "type": [
        "tuple",
        [
          "string"
        ]
      ]
    },
    "public_ip_dns_names": {
      "value": [
        null
      ],
      "type": [
        "tuple",
        [
          "string"
        ]
      ]
    },
    "public_ip_ids": {
      "value": [
        "/subscriptions/c0ec0223-4ac9-408f-9d77-82fecee441c1/resourceGroups/vhcm-train-rg/providers/Microsoft.Network/publicIPAddresses/vhcm-train-ip"
      ],
      "type": [
        "tuple",
        [
          "string"
        ]
      ]
    },
    "vm_ids": {
      "value": [
        "/subscriptions/c0ec0223-4ac9-408f-9d77-82fecee441c1/resourceGroups/vhcm-train-rg/providers/Microsoft.Compute/virtualMachines/vhcm-train-bstn-vm001"
      ],
      "type": [
        "tuple",
        [
          "string"
        ]
      ]
    }
  },
  "resources": [
    {
      "mode": "managed",
      "type": "azurerm_network_interface",
      "name": "bastion_nic",
      "provider": "provider[\"registry.terraform.io/hashicorp/azurerm\"]",
      "instances": [
        {
          "schema_version": 0,
          "attributes": {
            "applied_dns_servers": [],
            "dns_servers": [],
            "enable_accelerated_networking": false,
            "enable_ip_forwarding": false,
            "id": "/subscriptions/c0ec0223-4ac9-408f-9d77-82fecee441c1/resourceGroups/vhcm-train-rg/providers/Microsoft.Network/networkInterfaces/vhcm-train-bstn-nic",
            "internal_dns_name_label": "",
            "internal_domain_name_suffix": "wyr3fx1ftlrudeffptdebhs1rf.fx.internal.cloudapp.net",
            "ip_configuration": [
              {
                "name": "vhcm-train-bstn-nic-cfg",
                "primary": true,
                "private_ip_address": "10.0.1.4",
                "private_ip_address_allocation": "Dynamic",
                "private_ip_address_version": "IPv4",
                "public_ip_address_id": "/subscriptions/c0ec0223-4ac9-408f-9d77-82fecee441c1/resourceGroups/vhcm-train-rg/providers/Microsoft.Network/publicIPAddresses/vhcm-train-ip",
                "subnet_id": "/subscriptions/c0ec0223-4ac9-408f-9d77-82fecee441c1/resourceGroups/vhcm-train-rg/providers/Microsoft.Network/virtualNetworks/vhcm-train-vnet/subnets/vhcm-train-pblc-sn001"
              }
            ],
            "location": "northeurope",
            "mac_address": "",
            "name": "vhcm-train-bstn-nic",
            "private_ip_address": "10.0.1.4",
            "private_ip_addresses": [
              "10.0.1.4"
            ],
            "resource_group_name": "vhcm-train-rg",
            "tags": {
              "application": "HighCharity",
              "applicationversion": "1.0.0",
              "compliance": "HIPAA",
              "confidentiality": "PII/PHI",
              "environment": "Sandbox",
              "infrastructureversion": "1.0.0",
              "name": "HighCharity Infra",
              "operatingcostcenter": "0570025003",
              "owner": "nguyenmanhcuong382@outlook.com",
              "projectcostcenter": "0570025003",
              "securitycontact": "nguyenmanhcuong382@outlook.com",
              "tier": "Infrastructure"
            },
            "timeouts": null,
            "virtual_machine_id": ""
          },
          "private": "eyJlMmJmYjczMC1lY2FhLTExZTYtOGY4OC0zNDM2M2JjN2M0YzAiOnsiY3JlYXRlIjoxODAwMDAwMDAwMDAwLCJkZWxldGUiOjE4MDAwMDAwMDAwMDAsInJlYWQiOjMwMDAwMDAwMDAwMCwidXBkYXRlIjoxODAwMDAwMDAwMDAwfX0=",
          "dependencies": [
            "azurerm_public_ip.public_ip",
            "azurerm_resource_group.resource_group",
            "azurerm_subnet.public_subnet",
            "azurerm_virtual_network.vnet"
          ]
        }
      ]
    },
    {
      "mode": "managed",
      "type": "azurerm_network_security_group",
      "name": "private_nsg",
      "provider": "provider[\"registry.terraform.io/hashicorp/azurerm\"]",
      "instances": [
        {
          "schema_version": 0,
          "attributes": {
            "id": "/subscriptions/c0ec0223-4ac9-408f-9d77-82fecee441c1/resourceGroups/vhcm-train-rg/providers/Microsoft.Network/networkSecurityGroups/vhcm-train-prvt-nsg",
            "location": "northeurope",
            "name": "vhcm-train-prvt-nsg",
            "resource_group_name": "vhcm-train-rg",
            "security_rule": [
              {
                "access": "Allow",
                "description": "",
                "destination_address_prefix": "*",
                "destination_address_prefixes": [],
                "destination_application_security_group_ids": [],
                "destination_port_range": "80",
                "destination_port_ranges": [],
                "direction": "Inbound",
                "name": "allow-ssh-public-subnet",
                "priority": 100,
                "protocol": "Tcp",
                "source_address_prefix": "10.0.1.0/24",
                "source_address_prefixes": [],
                "source_application_security_group_ids": [],
                "source_port_range": "*",
                "source_port_ranges": []
              },
              {
                "access": "Deny",
                "description": "",
                "destination_address_prefix": "*",
                "destination_address_prefixes": [],
                "destination_application_security_group_ids": [],
                "destination_port_range": "*",
                "destination_port_ranges": [],
                "direction": "Outbound",
                "name": "deny-internet-all",
                "priority": 200,
                "protocol": "Tcp",
                "source_address_prefix": "*",
                "source_address_prefixes": [],
                "source_application_security_group_ids": [],
                "source_port_range": "*",
                "source_port_ranges": []
              }
            ],
            "tags": {
              "application": "HighCharity",
              "applicationversion": "1.0.0",
              "compliance": "HIPAA",
              "confidentiality": "PII/PHI",
              "environment": "Sandbox",
              "infrastructureversion": "1.0.0",
              "name": "HighCharity Infra",
              "operatingcostcenter": "0570025003",
              "owner": "nguyenmanhcuong382@outlook.com",
              "projectcostcenter": "0570025003",
              "securitycontact": "nguyenmanhcuong382@outlook.com",
              "tier": "Infrastructure"
            },
            "timeouts": null
          },
          "private": "eyJlMmJmYjczMC1lY2FhLTExZTYtOGY4OC0zNDM2M2JjN2M0YzAiOnsiY3JlYXRlIjoxODAwMDAwMDAwMDAwLCJkZWxldGUiOjE4MDAwMDAwMDAwMDAsInJlYWQiOjMwMDAwMDAwMDAwMCwidXBkYXRlIjoxODAwMDAwMDAwMDAwfX0=",
          "dependencies": [
            "azurerm_resource_group.resource_group"
          ]
        }
      ]
    },
    {
      "mode": "managed",
      "type": "azurerm_network_security_group",
      "name": "public_nsg",
      "provider": "provider[\"registry.terraform.io/hashicorp/azurerm\"]",
      "instances": [
        {
          "schema_version": 0,
          "attributes": {
            "id": "/subscriptions/c0ec0223-4ac9-408f-9d77-82fecee441c1/resourceGroups/vhcm-train-rg/providers/Microsoft.Network/networkSecurityGroups/vhcm-train-pblc-nsg",
            "location": "northeurope",
            "name": "vhcm-train-pblc-nsg",
            "resource_group_name": "vhcm-train-rg",
            "security_rule": [
              {
                "access": "Allow",
                "description": "",
                "destination_address_prefix": "*",
                "destination_address_prefixes": [],
                "destination_application_security_group_ids": [],
                "destination_port_range": "22",
                "destination_port_ranges": [],
                "direction": "Inbound",
                "name": "allow-ssh-all",
                "priority": 120,
                "protocol": "Tcp",
                "source_address_prefix": "*",
                "source_address_prefixes": [],
                "source_application_security_group_ids": [],
                "source_port_range": "*",
                "source_port_ranges": []
              },
              {
                "access": "Allow",
                "description": "",
                "destination_address_prefix": "*",
                "destination_address_prefixes": [],
                "destination_application_security_group_ids": [],
                "destination_port_range": "443",
                "destination_port_ranges": [],
                "direction": "Inbound",
                "name": "allow-https-all",
                "priority": 110,
                "protocol": "Tcp",
                "source_address_prefix": "*",
                "source_address_prefixes": [],
                "source_application_security_group_ids": [],
                "source_port_range": "*",
                "source_port_ranges": []
              },
              {
                "access": "Allow",
                "description": "",
                "destination_address_prefix": "*",
                "destination_address_prefixes": [],
                "destination_application_security_group_ids": [],
                "destination_port_range": "80",
                "destination_port_ranges": [],
                "direction": "Inbound",
                "name": "allow-http-all",
                "priority": 100,
                "protocol": "Tcp",
                "source_address_prefix": "*",
                "source_address_prefixes": [],
                "source_application_security_group_ids": [],
                "source_port_range": "*",
                "source_port_ranges": []
              }
            ],
            "tags": {
              "application": "HighCharity",
              "applicationversion": "1.0.0",
              "compliance": "HIPAA",
              "confidentiality": "PII/PHI",
              "environment": "Sandbox",
              "infrastructureversion": "1.0.0",
              "name": "HighCharity Infra",
              "operatingcostcenter": "0570025003",
              "owner": "nguyenmanhcuong382@outlook.com",
              "projectcostcenter": "0570025003",
              "securitycontact": "nguyenmanhcuong382@outlook.com",
              "tier": "Infrastructure"
            },
            "timeouts": null
          },
          "private": "eyJlMmJmYjczMC1lY2FhLTExZTYtOGY4OC0zNDM2M2JjN2M0YzAiOnsiY3JlYXRlIjoxODAwMDAwMDAwMDAwLCJkZWxldGUiOjE4MDAwMDAwMDAwMDAsInJlYWQiOjMwMDAwMDAwMDAwMCwidXBkYXRlIjoxODAwMDAwMDAwMDAwfX0=",
          "dependencies": [
            "azurerm_resource_group.resource_group"
          ]
        }
      ]
    },
    {
      "mode": "managed",
      "type": "azurerm_public_ip",
      "name": "public_ip",
      "provider": "provider[\"registry.terraform.io/hashicorp/azurerm\"]",
      "instances": [
        {
          "schema_version": 0,
          "attributes": {
            "allocation_method": "Dynamic",
            "domain_name_label": null,
            "fqdn": null,
            "id": "/subscriptions/c0ec0223-4ac9-408f-9d77-82fecee441c1/resourceGroups/vhcm-train-rg/providers/Microsoft.Network/publicIPAddresses/vhcm-train-ip",
            "idle_timeout_in_minutes": 4,
            "ip_address": "",
            "ip_version": "IPv4",
            "location": "northeurope",
            "name": "vhcm-train-ip",
            "public_ip_prefix_id": null,
            "resource_group_name": "vhcm-train-rg",
            "reverse_fqdn": null,
            "sku": "Basic",
            "tags": {
              "application": "HighCharity",
              "applicationversion": "1.0.0",
              "compliance": "HIPAA",
              "confidentiality": "PII/PHI",
              "environment": "Sandbox",
              "infrastructureversion": "1.0.0",
              "name": "HighCharity Infra",
              "operatingcostcenter": "0570025003",
              "owner": "nguyenmanhcuong382@outlook.com",
              "projectcostcenter": "0570025003",
              "securitycontact": "nguyenmanhcuong382@outlook.com",
              "tier": "Infrastructure"
            },
            "timeouts": null,
            "zones": null
          },
          "private": "eyJlMmJmYjczMC1lY2FhLTExZTYtOGY4OC0zNDM2M2JjN2M0YzAiOnsiY3JlYXRlIjoxODAwMDAwMDAwMDAwLCJkZWxldGUiOjE4MDAwMDAwMDAwMDAsInJlYWQiOjMwMDAwMDAwMDAwMCwidXBkYXRlIjoxODAwMDAwMDAwMDAwfX0=",
          "dependencies": [
            "azurerm_resource_group.resource_group"
          ]
        }
      ]
    },
    {
      "mode": "managed",
      "type": "azurerm_resource_group",
      "name": "resource_group",
      "provider": "provider[\"registry.terraform.io/hashicorp/azurerm\"]",
      "instances": [
        {
          "schema_version": 0,
          "attributes": {
            "id": "/subscriptions/c0ec0223-4ac9-408f-9d77-82fecee441c1/resourceGroups/vhcm-train-rg",
            "location": "northeurope",
            "name": "vhcm-train-rg",
            "tags": {
              "application": "HighCharity",
              "applicationversion": "1.0.0",
              "compliance": "HIPAA",
              "confidentiality": "PII/PHI",
              "environment": "Sandbox",
              "infrastructureversion": "1.0.0",
              "name": "HighCharity Infra",
              "operatingcostcenter": "0570025003",
              "owner": "nguyenmanhcuong382@outlook.com",
              "projectcostcenter": "0570025003",
              "securitycontact": "nguyenmanhcuong382@outlook.com",
              "tier": "Infrastructure"
            },
            "timeouts": null
          },
          "private": "eyJlMmJmYjczMC1lY2FhLTExZTYtOGY4OC0zNDM2M2JjN2M0YzAiOnsiY3JlYXRlIjo1NDAwMDAwMDAwMDAwLCJkZWxldGUiOjU0MDAwMDAwMDAwMDAsInJlYWQiOjMwMDAwMDAwMDAwMCwidXBkYXRlIjo1NDAwMDAwMDAwMDAwfX0="
        }
      ]
    },
    {
      "mode": "managed",
      "type": "azurerm_storage_account",
      "name": "storage_account",
      "provider": "provider[\"registry.terraform.io/hashicorp/azurerm\"]",
      "instances": [
        {
          "schema_version": 2,
          "attributes": {
            "access_tier": "Hot",
            "account_kind": "StorageV2",
            "account_replication_type": "LRS",
            "account_tier": "Standard",
            "allow_blob_public_access": false,
            "blob_properties": [],
            "custom_domain": [],
            "enable_https_traffic_only": true,
            "id": "/subscriptions/c0ec0223-4ac9-408f-9d77-82fecee441c1/resourceGroups/vhcm-train-rg/providers/Microsoft.Storage/storageAccounts/diag2971a27d251420d5",
            "identity": [],
            "is_hns_enabled": false,
            "location": "northeurope",
            "min_tls_version": "TLS1_0",
            "name": "diag2971a27d251420d5",
            "network_rules": [
              {
                "bypass": [
                  "AzureServices"
                ],
                "default_action": "Allow",
                "ip_rules": [],
                "virtual_network_subnet_ids": []
              }
            ],
            "primary_access_key": "5vQUDzSi8zpryGbEgrFrDlw95og1GRxSBhJuMDEjFkmyKwEfhHMO/VEwEuSqVtur+yFvlP7PXUFRtbI6rZL0vQ==",
            "primary_blob_connection_string": "DefaultEndpointsProtocol=https;BlobEndpoint=https://diag2971a27d251420d5.blob.core.windows.net/;AccountName=diag2971a27d251420d5;AccountKey=5vQUDzSi8zpryGbEgrFrDlw95og1GRxSBhJuMDEjFkmyKwEfhHMO/VEwEuSqVtur+yFvlP7PXUFRtbI6rZL0vQ==",
            "primary_blob_endpoint": "https://diag2971a27d251420d5.blob.core.windows.net/",
            "primary_blob_host": "diag2971a27d251420d5.blob.core.windows.net",
            "primary_connection_string": "DefaultEndpointsProtocol=https;AccountName=diag2971a27d251420d5;AccountKey=5vQUDzSi8zpryGbEgrFrDlw95og1GRxSBhJuMDEjFkmyKwEfhHMO/VEwEuSqVtur+yFvlP7PXUFRtbI6rZL0vQ==;EndpointSuffix=core.windows.net",
            "primary_dfs_endpoint": "https://diag2971a27d251420d5.dfs.core.windows.net/",
            "primary_dfs_host": "diag2971a27d251420d5.dfs.core.windows.net",
            "primary_file_endpoint": "https://diag2971a27d251420d5.file.core.windows.net/",
            "primary_file_host": "diag2971a27d251420d5.file.core.windows.net",
            "primary_location": "northeurope",
            "primary_queue_endpoint": "https://diag2971a27d251420d5.queue.core.windows.net/",
            "primary_queue_host": "diag2971a27d251420d5.queue.core.windows.net",
            "primary_table_endpoint": "https://diag2971a27d251420d5.table.core.windows.net/",
            "primary_table_host": "diag2971a27d251420d5.table.core.windows.net",
            "primary_web_endpoint": "https://diag2971a27d251420d5.z16.web.core.windows.net/",
            "primary_web_host": "diag2971a27d251420d5.z16.web.core.windows.net",
            "queue_properties": [
              {
                "cors_rule": [],
                "hour_metrics": [
                  {
                    "enabled": true,
                    "include_apis": true,
                    "retention_policy_days": 7,
                    "version": "1.0"
                  }
                ],
                "logging": [
                  {
                    "delete": false,
                    "read": false,
                    "retention_policy_days": 0,
                    "version": "1.0",
                    "write": false
                  }
                ],
                "minute_metrics": [
                  {
                    "enabled": false,
                    "include_apis": false,
                    "retention_policy_days": 0,
                    "version": "1.0"
                  }
                ]
              }
            ],
            "resource_group_name": "vhcm-train-rg",
            "secondary_access_key": "965gWQmKRZ2+H5n4qO41Nc9oHi45nvI69RWRmmP1szhWinMdeasaEsXgeA4Hb4odn99Rfl7TrVh5LpSTVTZlaw==",
            "secondary_blob_connection_string": "",
            "secondary_blob_endpoint": null,
            "secondary_blob_host": null,
            "secondary_connection_string": "DefaultEndpointsProtocol=https;AccountName=diag2971a27d251420d5;AccountKey=965gWQmKRZ2+H5n4qO41Nc9oHi45nvI69RWRmmP1szhWinMdeasaEsXgeA4Hb4odn99Rfl7TrVh5LpSTVTZlaw==;EndpointSuffix=core.windows.net",
            "secondary_dfs_endpoint": null,
            "secondary_dfs_host": null,
            "secondary_file_endpoint": null,
            "secondary_file_host": null,
            "secondary_location": "",
            "secondary_queue_endpoint": null,
            "secondary_queue_host": null,
            "secondary_table_endpoint": null,
            "secondary_table_host": null,
            "secondary_web_endpoint": null,
            "secondary_web_host": null,
            "static_website": [],
            "tags": {
              "application": "HighCharity",
              "applicationversion": "1.0.0",
              "compliance": "HIPAA",
              "confidentiality": "PII/PHI",
              "environment": "Sandbox",
              "infrastructureversion": "1.0.0",
              "name": "HighCharity Infra",
              "operatingcostcenter": "0570025003",
              "owner": "nguyenmanhcuong382@outlook.com",
              "projectcostcenter": "0570025003",
              "securitycontact": "nguyenmanhcuong382@outlook.com",
              "tier": "Infrastructure"
            },
            "timeouts": null
          },
          "private": "eyJlMmJmYjczMC1lY2FhLTExZTYtOGY4OC0zNDM2M2JjN2M0YzAiOnsiY3JlYXRlIjozNjAwMDAwMDAwMDAwLCJkZWxldGUiOjM2MDAwMDAwMDAwMDAsInJlYWQiOjMwMDAwMDAwMDAwMCwidXBkYXRlIjozNjAwMDAwMDAwMDAwfSwic2NoZW1hX3ZlcnNpb24iOiIyIn0=",
          "dependencies": [
            "azurerm_resource_group.resource_group",
            "random_id.random_id"
          ]
        }
      ]
    },
    {
      "mode": "managed",
      "type": "azurerm_subnet",
      "name": "private_subnet",
      "provider": "provider[\"registry.terraform.io/hashicorp/azurerm\"]",
      "instances": [
        {
          "schema_version": 0,
          "attributes": {
            "address_prefix": "10.0.2.0/24",
            "address_prefixes": [
              "10.0.2.0/24"
            ],
            "delegation": [],
            "enforce_private_link_endpoint_network_policies": false,
            "enforce_private_link_service_network_policies": false,
            "id": "/subscriptions/c0ec0223-4ac9-408f-9d77-82fecee441c1/resourceGroups/vhcm-train-rg/providers/Microsoft.Network/virtualNetworks/vhcm-train-vnet/subnets/vhcm-train-prvt-sn001",
            "name": "vhcm-train-prvt-sn001",
            "resource_group_name": "vhcm-train-rg",
            "service_endpoints": [
              "Microsoft.Sql",
              "Microsoft.ServiceBus"
            ],
            "timeouts": null,
            "virtual_network_name": "vhcm-train-vnet"
          },
          "private": "eyJlMmJmYjczMC1lY2FhLTExZTYtOGY4OC0zNDM2M2JjN2M0YzAiOnsiY3JlYXRlIjoxODAwMDAwMDAwMDAwLCJkZWxldGUiOjE4MDAwMDAwMDAwMDAsInJlYWQiOjMwMDAwMDAwMDAwMCwidXBkYXRlIjoxODAwMDAwMDAwMDAwfX0=",
          "dependencies": [
            "azurerm_resource_group.resource_group",
            "azurerm_virtual_network.vnet"
          ]
        }
      ]
    },
    {
      "mode": "managed",
      "type": "azurerm_subnet",
      "name": "public_subnet",
      "provider": "provider[\"registry.terraform.io/hashicorp/azurerm\"]",
      "instances": [
        {
          "schema_version": 0,
          "attributes": {
            "address_prefix": "10.0.1.0/24",
            "address_prefixes": [
              "10.0.1.0/24"
            ],
            "delegation": [],
            "enforce_private_link_endpoint_network_policies": false,
            "enforce_private_link_service_network_policies": false,
            "id": "/subscriptions/c0ec0223-4ac9-408f-9d77-82fecee441c1/resourceGroups/vhcm-train-rg/providers/Microsoft.Network/virtualNetworks/vhcm-train-vnet/subnets/vhcm-train-pblc-sn001",
            "name": "vhcm-train-pblc-sn001",
            "resource_group_name": "vhcm-train-rg",
            "service_endpoints": [
              "Microsoft.ServiceBus",
              "Microsoft.ContainerRegistry"
            ],
            "timeouts": null,
            "virtual_network_name": "vhcm-train-vnet"
          },
          "private": "eyJlMmJmYjczMC1lY2FhLTExZTYtOGY4OC0zNDM2M2JjN2M0YzAiOnsiY3JlYXRlIjoxODAwMDAwMDAwMDAwLCJkZWxldGUiOjE4MDAwMDAwMDAwMDAsInJlYWQiOjMwMDAwMDAwMDAwMCwidXBkYXRlIjoxODAwMDAwMDAwMDAwfX0=",
          "dependencies": [
            "azurerm_resource_group.resource_group",
            "azurerm_virtual_network.vnet"
          ]
        }
      ]
    },
    {
      "mode": "managed",
      "type": "azurerm_subnet_network_security_group_association",
      "name": "private_subnet_assoc",
      "provider": "provider[\"registry.terraform.io/hashicorp/azurerm\"]",
      "instances": [
        {
          "schema_version": 0,
          "attributes": {
            "id": "/subscriptions/c0ec0223-4ac9-408f-9d77-82fecee441c1/resourceGroups/vhcm-train-rg/providers/Microsoft.Network/virtualNetworks/vhcm-train-vnet/subnets/vhcm-train-prvt-sn001",
            "network_security_group_id": "/subscriptions/c0ec0223-4ac9-408f-9d77-82fecee441c1/resourceGroups/vhcm-train-rg/providers/Microsoft.Network/networkSecurityGroups/vhcm-train-prvt-nsg",
            "subnet_id": "/subscriptions/c0ec0223-4ac9-408f-9d77-82fecee441c1/resourceGroups/vhcm-train-rg/providers/Microsoft.Network/virtualNetworks/vhcm-train-vnet/subnets/vhcm-train-prvt-sn001",
            "timeouts": null
          },
          "private": "eyJlMmJmYjczMC1lY2FhLTExZTYtOGY4OC0zNDM2M2JjN2M0YzAiOnsiY3JlYXRlIjoxODAwMDAwMDAwMDAwLCJkZWxldGUiOjE4MDAwMDAwMDAwMDAsInJlYWQiOjMwMDAwMDAwMDAwMCwidXBkYXRlIjoxODAwMDAwMDAwMDAwfX0=",
          "dependencies": [
            "azurerm_network_security_group.private_nsg",
            "azurerm_resource_group.resource_group",
            "azurerm_subnet.private_subnet",
            "azurerm_virtual_network.vnet"
          ]
        }
      ]
    },
    {
      "mode": "managed",
      "type": "azurerm_subnet_network_security_group_association",
      "name": "public_subnet_assoc",
      "provider": "provider[\"registry.terraform.io/hashicorp/azurerm\"]",
      "instances": [
        {
          "schema_version": 0,
          "attributes": {
            "id": "/subscriptions/c0ec0223-4ac9-408f-9d77-82fecee441c1/resourceGroups/vhcm-train-rg/providers/Microsoft.Network/virtualNetworks/vhcm-train-vnet/subnets/vhcm-train-pblc-sn001",
            "network_security_group_id": "/subscriptions/c0ec0223-4ac9-408f-9d77-82fecee441c1/resourceGroups/vhcm-train-rg/providers/Microsoft.Network/networkSecurityGroups/vhcm-train-pblc-nsg",
            "subnet_id": "/subscriptions/c0ec0223-4ac9-408f-9d77-82fecee441c1/resourceGroups/vhcm-train-rg/providers/Microsoft.Network/virtualNetworks/vhcm-train-vnet/subnets/vhcm-train-pblc-sn001",
            "timeouts": null
          },
          "private": "eyJlMmJmYjczMC1lY2FhLTExZTYtOGY4OC0zNDM2M2JjN2M0YzAiOnsiY3JlYXRlIjoxODAwMDAwMDAwMDAwLCJkZWxldGUiOjE4MDAwMDAwMDAwMDAsInJlYWQiOjMwMDAwMDAwMDAwMCwidXBkYXRlIjoxODAwMDAwMDAwMDAwfX0=",
          "dependencies": [
            "azurerm_network_security_group.public_nsg",
            "azurerm_resource_group.resource_group",
            "azurerm_subnet.public_subnet",
            "azurerm_virtual_network.vnet"
          ]
        }
      ]
    },
    {
      "mode": "managed",
      "type": "azurerm_virtual_machine",
      "name": "bastion_vm",
      "provider": "provider[\"registry.terraform.io/hashicorp/azurerm\"]",
      "instances": [
        {
          "schema_version": 0,
          "attributes": {
            "additional_capabilities": [],
            "availability_set_id": null,
            "boot_diagnostics": [
              {
                "enabled": true,
                "storage_uri": "https://diag2971a27d251420d5.blob.core.windows.net/"
              }
            ],
            "delete_data_disks_on_termination": false,
            "delete_os_disk_on_termination": false,
            "id": "/subscriptions/c0ec0223-4ac9-408f-9d77-82fecee441c1/resourceGroups/vhcm-train-rg/providers/Microsoft.Compute/virtualMachines/vhcm-train-bstn-vm001",
            "identity": [],
            "license_type": null,
            "location": "northeurope",
            "name": "vhcm-train-bstn-vm001",
            "network_interface_ids": [
              "/subscriptions/c0ec0223-4ac9-408f-9d77-82fecee441c1/resourceGroups/vhcm-train-rg/providers/Microsoft.Network/networkInterfaces/vhcm-train-bstn-nic"
            ],
            "os_profile": [
              {
                "admin_password": "",
                "admin_username": "nc",
                "computer_name": "vhcm-train-bstn-vm001",
                "custom_data": ""
              }
            ],
            "os_profile_linux_config": [
              {
                "disable_password_authentication": true,
                "ssh_keys": [
                  {
                    "key_data": "ssh-rsa AAAAB3NzaC1yc2EAAAADAQABAAACAQC4SwjAWRaGrTUPZQDnCps9M6HeBf+QR0htQB7pyBlrmt1sdFogQmID3864HdPMmqWrwcmby3zeRKnmqBrvzMaep7X2j53RO867cz0VVUhQZJIoaoD0dohUgUqKFkKPFKmSDsoc+9nvzKV6fixpBJLiQB81dQ1u99pwhm7hU8RmT1QtADtC9SqBqEVk3h5nD6BySt8WpQFq74rq8FJ3fDyysQ2zc2MA0SLqlUqLusbX883+Y6rFq7HXDk5lpzZyUIjHvF9v/LGkT/VXRtZUrzxlKH6JGXiybkTq9PA/JzKZh3e7jEibTQhZoM2GGKrG2XJGLxIq+WRBoBxIovfP94AF94MHxn9asNwskzbX8drZv4iaDPCwEOdtZLJIdG03VR3avIJTxDgt4mYoWdOQ4v3+k7mBqwpwak8uofSjIc0XgEfqaLxSQWQBz2sDZJ5QVTxDYa381GlftlhP1QqK82/VR4ksim/Jen8+8p2+OpHOiD2TVZTJBuW2p0ydPZtp8Jak6JGVtdiyeqdaQeAaJOPMhfypQW7pnwrA6SKROT87OPoT4+UxmaNAjYFBm7yzWAsxpHOk37+c1Kfomb2ITjSBW6qyBDH4+IJjS/kmutUXwF6G9mul3AHVn+jMYATJOVnxtGLXEahVFMunxW6v3GH2bqyVelgLE15Uk509+ndkQQ== nguyenmanhcuong382@outlook.com",
                    "path": "/home/nc/.ssh/authorized_keys"
                  }
                ]
              }
            ],
            "os_profile_secrets": [],
            "os_profile_windows_config": [],
            "plan": [],
            "primary_network_interface_id": null,
            "proximity_placement_group_id": null,
            "resource_group_name": "vhcm-train-rg",
            "storage_data_disk": [],
            "storage_image_reference": [
              {
                "id": "",
                "offer": "UbuntuServer",
                "publisher": "Canonical",
                "sku": "18.04-LTS",
                "version": "latest"
              }
            ],
            "storage_os_disk": [
              {
                "caching": "ReadWrite",
                "create_option": "FromImage",
                "disk_size_gb": 30,
                "image_uri": "",
                "managed_disk_id": "/subscriptions/c0ec0223-4ac9-408f-9d77-82fecee441c1/resourceGroups/VHCM-TRAIN-RG/providers/Microsoft.Compute/disks/vhcm-train-bstn-dsk001",
                "managed_disk_type": "Standard_LRS",
                "name": "vhcm-train-bstn-dsk001",
                "os_type": "Linux",
                "vhd_uri": "",
                "write_accelerator_enabled": false
              }
            ],
            "tags": {
              "application": "HighCharity",
              "applicationversion": "1.0.0",
              "compliance": "HIPAA",
              "confidentiality": "PII/PHI",
              "environment": "Sandbox",
              "infrastructureversion": "1.0.0",
              "name": "HighCharity Infra",
              "operatingcostcenter": "0570025003",
              "owner": "nguyenmanhcuong382@outlook.com",
              "projectcostcenter": "0570025003",
              "securitycontact": "nguyenmanhcuong382@outlook.com",
              "tier": "Infrastructure"
            },
            "timeouts": null,
            "vm_size": "Standard_B2s",
            "zones": null
          },
          "private": "eyJlMmJmYjczMC1lY2FhLTExZTYtOGY4OC0zNDM2M2JjN2M0YzAiOnsiY3JlYXRlIjozNjAwMDAwMDAwMDAwLCJkZWxldGUiOjM2MDAwMDAwMDAwMDAsInJlYWQiOjMwMDAwMDAwMDAwMCwidXBkYXRlIjozNjAwMDAwMDAwMDAwfX0=",
          "dependencies": [
            "azurerm_network_interface.bastion_nic",
            "azurerm_public_ip.public_ip",
            "azurerm_resource_group.resource_group",
            "azurerm_storage_account.storage_account",
            "azurerm_subnet.public_subnet",
            "azurerm_virtual_network.vnet",
            "random_id.random_id"
          ]
        }
      ]
    },
    {
      "mode": "managed",
      "type": "azurerm_virtual_network",
      "name": "vnet",
      "provider": "provider[\"registry.terraform.io/hashicorp/azurerm\"]",
      "instances": [
        {
          "schema_version": 0,
          "attributes": {
            "address_space": [
              "10.0.0.0/16"
            ],
            "ddos_protection_plan": [],
            "dns_servers": null,
            "guid": "dfd223b6-9a65-41e3-90a5-7cc6409e5b8d",
            "id": "/subscriptions/c0ec0223-4ac9-408f-9d77-82fecee441c1/resourceGroups/vhcm-train-rg/providers/Microsoft.Network/virtualNetworks/vhcm-train-vnet",
            "location": "northeurope",
            "name": "vhcm-train-vnet",
            "resource_group_name": "vhcm-train-rg",
            "subnet": [],
            "tags": {
              "application": "HighCharity",
              "applicationversion": "1.0.0",
              "compliance": "HIPAA",
              "confidentiality": "PII/PHI",
              "environment": "Sandbox",
              "infrastructureversion": "1.0.0",
              "name": "HighCharity Infra",
              "operatingcostcenter": "0570025003",
              "owner": "nguyenmanhcuong382@outlook.com",
              "projectcostcenter": "0570025003",
              "securitycontact": "nguyenmanhcuong382@outlook.com",
              "tier": "Infrastructure"
            },
            "timeouts": null
          },
          "private": "eyJlMmJmYjczMC1lY2FhLTExZTYtOGY4OC0zNDM2M2JjN2M0YzAiOnsiY3JlYXRlIjoxODAwMDAwMDAwMDAwLCJkZWxldGUiOjE4MDAwMDAwMDAwMDAsInJlYWQiOjMwMDAwMDAwMDAwMCwidXBkYXRlIjoxODAwMDAwMDAwMDAwfX0=",
          "dependencies": [
            "azurerm_resource_group.resource_group"
          ]
        }
      ]
    },
    {
      "mode": "managed",
      "type": "random_id",
      "name": "random_id",
      "provider": "provider[\"registry.terraform.io/hashicorp/random\"]",
      "instances": [
        {
          "schema_version": 0,
          "attributes": {
            "b64": "KXGifSUUINU",
            "b64_std": "KXGifSUUINU=",
            "b64_url": "KXGifSUUINU",
            "byte_length": 8,
            "dec": "2986346686300037333",
            "hex": "2971a27d251420d5",
            "id": "KXGifSUUINU",
            "keepers": {
              "resource_group": "vhcm-train-rg"
            },
            "prefix": null
          },
          "private": "bnVsbA==",
          "dependencies": [
            "azurerm_resource_group.resource_group"
          ]
        }
      ]
    }
  ]
}
